
Microsoft Visual Studio Solution File, Format Version 12.00
# Visual Studio Version 17
VisualStudioVersion = 17.8.34322.80
MinimumVisualStudioVersion = 10.0.40219.1
Project("{FAE04EC0-301F-11D3-BF4B-00C04F79EFBC}") = "AppPhoto.UWP", "AppPhoto\AppPhoto.UWP\AppPhoto.UWP.csproj", "{C0C5042E-A968-4F0C-A921-2ACEAB5C18EA}"
EndProject
Project("{FAE04EC0-301F-11D3-BF4B-00C04F79EFBC}") = "AppPhoto.Android", "AppPhoto\AppPhoto.Android\AppPhoto.Android.csproj", "{F6834BC5-0FF4-4108-9F0C-A447EB19F659}"
EndProject
Project("{FAE04EC0-301F-11D3-BF4B-00C04F79EFBC}") = "AppPhoto.iOS", "AppPhoto\AppPhoto.iOS\AppPhoto.iOS.csproj", "{743C2C87-DC1A-42B9-AB0E-99DCB5B8EFAC}"
EndProject
Project("{FAE04EC0-301F-11D3-BF4B-00C04F79EFBC}") = "AppPhoto", "AppPhoto\AppPhoto\AppPhoto.csproj", "{B7F02F96-3A31-4F6E-B53C-33E40DC79713}"
EndProject
Global
	GlobalSection(SolutionConfigurationPlatforms) = preSolution
		Debug|Any CPU = Debug|Any CPU
		Debug|ARM = Debug|ARM
		Debug|iPhone = Debug|iPhone
		Debug|iPhoneSimulator = Debug|iPhoneSimulator
		Debug|x64 = Debug|x64
		Debug|x86 = Debug|x86
		Release|Any CPU = Release|Any CPU
		Release|ARM = Release|ARM
		Release|iPhone = Release|iPhone
		Release|iPhoneSimulator = Release|iPhoneSimulator
		Release|x64 = Release|x64
		Release|x86 = Release|x86
	EndGlobalSection
	GlobalSection(ProjectConfigurationPlatforms) = postSolution
		{C0C5042E-A968-4F0C-A921-2ACEAB5C18EA}.Debug|Any CPU.ActiveCfg = Debug|x64
		{C0C5042E-A968-4F0C-A921-2ACEAB5C18EA}.Debug|ARM.ActiveCfg = Debug|ARM
		{C0C5042E-A968-4F0C-A921-2ACEAB5C18EA}.Debug|ARM.Build.0 = Debug|ARM
		{C0C5042E-A968-4F0C-A921-2ACEAB5C18EA}.Debug|ARM.Deploy.0 = Debug|ARM
		{C0C5042E-A968-4F0C-A921-2ACEAB5C18EA}.Debug|iPhone.ActiveCfg = Debug|x64
		{C0C5042E-A968-4F0C-A921-2ACEAB5C18EA}.Debug|iPhoneSimulator.ActiveCfg = Debug|x64
		{C0C5042E-A968-4F0C-A921-2ACEAB5C18EA}.Debug|x64.ActiveCfg = Debug|x64
		{C0C5042E-A968-4F0C-A921-2ACEAB5C18EA}.Debug|x64.Build.0 = Debug|x64
		{C0C5042E-A968-4F0C-A921-2ACEAB5C18EA}.Debug|x64.Deploy.0 = Debug|x64
		{C0C5042E-A968-4F0C-A921-2ACEAB5C18EA}.Debug|x86.ActiveCfg = Debug|x86
		{C0C5042E-A968-4F0C-A921-2ACEAB5C18EA}.Debug|x86.Build.0 = Debug|x86
		{C0C5042E-A968-4F0C-A921-2ACEAB5C18EA}.Debug|x86.Deploy.0 = Debug|x86
		{C0C5042E-A968-4F0C-A921-2ACEAB5C18EA}.Release|Any CPU.ActiveCfg = Release|x64
		{C0C5042E-A968-4F0C-A921-2ACEAB5C18EA}.Release|ARM.ActiveCfg = Release|ARM
		{C0C5042E-A968-4F0C-A921-2ACEAB5C18EA}.Release|ARM.Build.0 = Release|ARM
		{C0C5042E-A968-4F0C-A921-2ACEAB5C18EA}.Release|ARM.Deploy.0 = Release|ARM
		{C0C5042E-A968-4F0C-A921-2ACEAB5C18EA}.Release|iPhone.ActiveCfg = Release|x64
		{C0C5042E-A968-4F0C-A921-2ACEAB5C18EA}.Release|iPhoneSimulator.ActiveCfg = Release|x64
		{C0C5042E-A968-4F0C-A921-2ACEAB5C18EA}.Release|x64.ActiveCfg = Release|x64
		{C0C5042E-A968-4F0C-A921-2ACEAB5C18EA}.Release|x64.Build.0 = Release|x64
		{C0C5042E-A968-4F0C-A921-2ACEAB5C18EA}.Release|x64.Deploy.0 = Release|x64
		{C0C5042E-A968-4F0C-A921-2ACEAB5C18EA}.Release|x86.ActiveCfg = Release|x86
		{C0C5042E-A968-4F0C-A921-2ACEAB5C18EA}.Release|x86.Build.0 = Release|x86
		{C0C5042E-A968-4F0C-A921-2ACEAB5C18EA}.Release|x86.Deploy.0 = Release|x86
		{F6834BC5-0FF4-4108-9F0C-A447EB19F659}.Debug|Any CPU.ActiveCfg = Debug|Any CPU
		{F6834BC5-0FF4-4108-9F0C-A447EB19F659}.Debug|Any CPU.Build.0 = Debug|Any CPU
		{F6834BC5-0FF4-4108-9F0C-A447EB19F659}.Debug|Any CPU.Deploy.0 = Debug|Any CPU
		{F6834BC5-0FF4-4108-9F0C-A447EB19F659}.Debug|ARM.ActiveCfg = Debug|Any CPU
		{F6834BC5-0FF4-4108-9F0C-A447EB19F659}.Debug|ARM.Build.0 = Debug|Any CPU
		{F6834BC5-0FF4-4108-9F0C-A447EB19F659}.Debug|ARM.Deploy.0 = Debug|Any CPU
		{F6834BC5-0FF4-4108-9F0C-A447EB19F659}.Debug|iPhone.ActiveCfg = Debug|Any CPU
		{F6834BC5-0FF4-4108-9F0C-A447EB19F659}.Debug|iPhone.Build.0 = Debug|Any CPU
		{F6834BC5-0FF4-4108-9F0C-A447EB19F659}.Debug|iPhone.Deploy.0 = Debug|Any CPU
		{F6834BC5-0FF4-4108-9F0C-A447EB19F659}.Debug|iPhoneSimulator.ActiveCfg = Debug|Any CPU
		{F6834BC5-0FF4-4108-9F0C-A447EB19F659}.Debug|iPhoneSimulator.Build.0 = Debug|Any CPU
		{F6834BC5-0FF4-4108-9F0C-A447EB19F659}.Debug|iPhoneSimulator.Deploy.0 = Debug|Any CPU
		{F6834BC5-0FF4-4108-9F0C-A447EB19F659}.Debug|x64.ActiveCfg = Debug|Any CPU
		{F6834BC5-0FF4-4108-9F0C-A447EB19F659}.Debug|x64.Build.0 = Debug|Any CPU
		{F6834BC5-0FF4-4108-9F0C-A447EB19F659}.Debug|x64.Deploy.0 = Debug|Any CPU
		{F6834BC5-0FF4-4108-9F0C-A447EB19F659}.Debug|x86.ActiveCfg = Debug|Any CPU
		{F6834BC5-0FF4-4108-9F0C-A447EB19F659}.Debug|x86.Build.0 = Debug|Any CPU
		{F6834BC5-0FF4-4108-9F0C-A447EB19F659}.Debug|x86.Deploy.0 = Debug|Any CPU
		{F6834BC5-0FF4-4108-9F0C-A447EB19F659}.Release|Any CPU.ActiveCfg = Release|Any CPU
		{F6834BC5-0FF4-4108-9F0C-A447EB19F659}.Release|Any CPU.Build.0 = Release|Any CPU
		{F6834BC5-0FF4-4108-9F0C-A447EB19F659}.Release|Any CPU.Deploy.0 = Release|Any CPU
		{F6834BC5-0FF4-4108-9F0C-A447EB19F659}.Release|ARM.ActiveCfg = Release|Any CPU
		{F6834BC5-0FF4-4108-9F0C-A447EB19F659}.Release|ARM.Build.0 = Release|Any CPU
		{F6834BC5-0FF4-4108-9F0C-A447EB19F659}.Release|ARM.Deploy.0 = Release|Any CPU
		{F6834BC5-0FF4-4108-9F0C-A447EB19F659}.Release|iPhone.ActiveCfg = Release|Any CPU
		{F6834BC5-0FF4-4108-9F0C-A447EB19F659}.Release|iPhone.Build.0 = Release|Any CPU
		{F6834BC5-0FF4-4108-9F0C-A447EB19F659}.Release|iPhone.Deploy.0 = Release|Any CPU
		{F6834BC5-0FF4-4108-9F0C-A447EB19F659}.Release|iPhoneSimulator.ActiveCfg = Release|Any CPU
		{F6834BC5-0FF4-4108-9F0C-A447EB19F659}.Release|iPhoneSimulator.Build.0 = Release|Any CPU
		{F6834BC5-0FF4-4108-9F0C-A447EB19F659}.Release|iPhoneSimulator.Deploy.0 = Release|Any CPU
		{F6834BC5-0FF4-4108-9F0C-A447EB19F659}.Release|x64.ActiveCfg = Release|Any CPU
		{F6834BC5-0FF4-4108-9F0C-A447EB19F659}.Release|x64.Build.0 = Release|Any CPU
		{F6834BC5-0FF4-4108-9F0C-A447EB19F659}.Release|x64.Deploy.0 = Release|Any CPU
		{F6834BC5-0FF4-4108-9F0C-A447EB19F659}.Release|x86.ActiveCfg = Release|Any CPU
		{F6834BC5-0FF4-4108-9F0C-A447EB19F659}.Release|x86.Build.0 = Release|Any CPU
		{F6834BC5-0FF4-4108-9F0C-A447EB19F659}.Release|x86.Deploy.0 = Release|Any CPU
		{743C2C87-DC1A-42B9-AB0E-99DCB5B8EFAC}.Debug|Any CPU.ActiveCfg = Debug|iPhoneSimulator
		{743C2C87-DC1A-42B9-AB0E-99DCB5B8EFAC}.Debug|Any CPU.Build.0 = Debug|iPhoneSimulator
		{743C2C87-DC1A-42B9-AB0E-99DCB5B8EFAC}.Debug|Any CPU.Deploy.0 = Debug|iPhoneSimulator
		{743C2C87-DC1A-42B9-AB0E-99DCB5B8EFAC}.Debug|ARM.ActiveCfg = Debug|iPhoneSimulator
		{743C2C87-DC1A-42B9-AB0E-99DCB5B8EFAC}.Debug|ARM.Build.0 = Debug|iPhoneSimulator
		{743C2C87-DC1A-42B9-AB0E-99DCB5B8EFAC}.Debug|ARM.Deploy.0 = Debug|iPhoneSimulator
		{743C2C87-DC1A-42B9-AB0E-99DCB5B8EFAC}.Debug|iPhone.ActiveCfg = Debug|iPhone
		{743C2C87-DC1A-42B9-AB0E-99DCB5B8EFAC}.Debug|iPhone.Build.0 = Debug|iPhone
		{743C2C87-DC1A-42B9-AB0E-99DCB5B8EFAC}.Debug|iPhone.Deploy.0 = Debug|iPhone
		{743C2C87-DC1A-42B9-AB0E-99DCB5B8EFAC}.Debug|iPhoneSimulator.ActiveCfg = Debug|iPhoneSimulator
		{743C2C87-DC1A-42B9-AB0E-99DCB5B8EFAC}.Debug|iPhoneSimulator.Build.0 = Debug|iPhoneSimulator
		{743C2C87-DC1A-42B9-AB0E-99DCB5B8EFAC}.Debug|iPhoneSimulator.Deploy.0 = Debug|iPhoneSimulator
		{743C2C87-DC1A-42B9-AB0E-99DCB5B8EFAC}.Debug|x64.ActiveCfg = Debug|iPhone
		{743C2C87-DC1A-42B9-AB0E-99DCB5B8EFAC}.Debug|x64.Build.0 = Debug|iPhone
		{743C2C87-DC1A-42B9-AB0E-99DCB5B8EFAC}.Debug|x64.Deploy.0 = Debug|iPhone
		{743C2C87-DC1A-42B9-AB0E-99DCB5B8EFAC}.Debug|x86.ActiveCfg = Debug|iPhoneSimulator
		{743C2C87-DC1A-42B9-AB0E-99DCB5B8EFAC}.Debug|x86.Build.0 = Debug|iPhoneSimulator
		{743C2C87-DC1A-42B9-AB0E-99DCB5B8EFAC}.Debug|x86.Deploy.0 = Debug|iPhoneSimulator
		{743C2C87-DC1A-42B9-AB0E-99DCB5B8EFAC}.Release|Any CPU.ActiveCfg = Release|iPhoneSimulator
		{743C2C87-DC1A-42B9-AB0E-99DCB5B8EFAC}.Release|Any CPU.Build.0 = Release|iPhoneSimulator
		{743C2C87-DC1A-42B9-AB0E-99DCB5B8EFAC}.Release|Any CPU.Deploy.0 = Release|iPhoneSimulator
		{743C2C87-DC1A-42B9-AB0E-99DCB5B8EFAC}.Release|ARM.ActiveCfg = Release|iPhoneSimulator
		{743C2C87-DC1A-42B9-AB0E-99DCB5B8EFAC}.Release|ARM.Build.0 = Release|iPhoneSimulator
		{743C2C87-DC1A-42B9-AB0E-99DCB5B8EFAC}.Release|ARM.Deploy.0 = Release|iPhoneSimulator
		{743C2C87-DC1A-42B9-AB0E-99DCB5B8EFAC}.Release|iPhone.ActiveCfg = Release|iPhone
		{743C2C87-DC1A-42B9-AB0E-99DCB5B8EFAC}.Release|iPhone.Build.0 = Release|iPhone
		{743C2C87-DC1A-42B9-AB0E-99DCB5B8EFAC}.Release|iPhone.Deploy.0 = Release|iPhone
		{743C2C87-DC1A-42B9-AB0E-99DCB5B8EFAC}.Release|iPhoneSimulator.ActiveCfg = Release|iPhoneSimulator
		{743C2C87-DC1A-42B9-AB0E-99DCB5B8EFAC}.Release|iPhoneSimulator.Build.0 = Release|iPhoneSimulator
		{743C2C87-DC1A-42B9-AB0E-99DCB5B8EFAC}.Release|iPhoneSimulator.Deploy.0 = Release|iPhoneSimulator
		{743C2C87-DC1A-42B9-AB0E-99DCB5B8EFAC}.Release|x64.ActiveCfg = Release|iPhoneSimulator
		{743C2C87-DC1A-42B9-AB0E-99DCB5B8EFAC}.Release|x64.Build.0 = Release|iPhoneSimulator
		{743C2C87-DC1A-42B9-AB0E-99DCB5B8EFAC}.Release|x64.Deploy.0 = Release|iPhoneSimulator
		{743C2C87-DC1A-42B9-AB0E-99DCB5B8EFAC}.Release|x86.ActiveCfg = Release|iPhoneSimulator
		{743C2C87-DC1A-42B9-AB0E-99DCB5B8EFAC}.Release|x86.Build.0 = Release|iPhoneSimulator
		{743C2C87-DC1A-42B9-AB0E-99DCB5B8EFAC}.Release|x86.Deploy.0 = Release|iPhoneSimulator
		{B7F02F96-3A31-4F6E-B53C-33E40DC79713}.Debug|Any CPU.ActiveCfg = Debug|Any CPU
		{B7F02F96-3A31-4F6E-B53C-33E40DC79713}.Debug|Any CPU.Build.0 = Debug|Any CPU
		{B7F02F96-3A31-4F6E-B53C-33E40DC79713}.Debug|Any CPU.Deploy.0 = Debug|Any CPU
		{B7F02F96-3A31-4F6E-B53C-33E40DC79713}.Debug|ARM.ActiveCfg = Debug|Any CPU
		{B7F02F96-3A31-4F6E-B53C-33E40DC79713}.Debug|ARM.Build.0 = Debug|Any CPU
		{B7F02F96-3A31-4F6E-B53C-33E40DC79713}.Debug|ARM.Deploy.0 = Debug|Any CPU
		{B7F02F96-3A31-4F6E-B53C-33E40DC79713}.Debug|iPhone.ActiveCfg = Debug|Any CPU
		{B7F02F96-3A31-4F6E-B53C-33E40DC79713}.Debug|iPhone.Build.0 = Debug|Any CPU
		{B7F02F96-3A31-4F6E-B53C-33E40DC79713}.Debug|iPhone.Deploy.0 = Debug|Any CPU
		{B7F02F96-3A31-4F6E-B53C-33E40DC79713}.Debug|iPhoneSimulator.ActiveCfg = Debug|Any CPU
		{B7F02F96-3A31-4F6E-B53C-33E40DC79713}.Debug|iPhoneSimulator.Build.0 = Debug|Any CPU
		{B7F02F96-3A31-4F6E-B53C-33E40DC79713}.Debug|iPhoneSimulator.Deploy.0 = Debug|Any CPU
		{B7F02F96-3A31-4F6E-B53C-33E40DC79713}.Debug|x64.ActiveCfg = Debug|Any CPU
		{B7F02F96-3A31-4F6E-B53C-33E40DC79713}.Debug|x64.Build.0 = Debug|Any CPU
		{B7F02F96-3A31-4F6E-B53C-33E40DC79713}.Debug|x64.Deploy.0 = Debug|Any CPU
		{B7F02F96-3A31-4F6E-B53C-33E40DC79713}.Debug|x86.ActiveCfg = Debug|Any CPU
		{B7F02F96-3A31-4F6E-B53C-33E40DC79713}.Debug|x86.Build.0 = Debug|Any CPU
		{B7F02F96-3A31-4F6E-B53C-33E40DC79713}.Debug|x86.Deploy.0 = Debug|Any CPU
		{B7F02F96-3A31-4F6E-B53C-33E40DC79713}.Release|Any CPU.ActiveCfg = Release|Any CPU
		{B7F02F96-3A31-4F6E-B53C-33E40DC79713}.Release|Any CPU.Build.0 = Release|Any CPU
		{B7F02F96-3A31-4F6E-B53C-33E40DC79713}.Release|Any CPU.Deploy.0 = Release|Any CPU
		{B7F02F96-3A31-4F6E-B53C-33E40DC79713}.Release|ARM.ActiveCfg = Release|Any CPU
		{B7F02F96-3A31-4F6E-B53C-33E40DC79713}.Release|ARM.Build.0 = Release|Any CPU
		{B7F02F96-3A31-4F6E-B53C-33E40DC79713}.Release|ARM.Deploy.0 = Release|Any CPU
		{B7F02F96-3A31-4F6E-B53C-33E40DC79713}.Release|iPhone.ActiveCfg = Release|Any CPU
		{B7F02F96-3A31-4F6E-B53C-33E40DC79713}.Release|iPhone.Build.0 = Release|Any CPU
		{B7F02F96-3A31-4F6E-B53C-33E40DC79713}.Release|iPhone.Deploy.0 = Release|Any CPU
		{B7F02F96-3A31-4F6E-B53C-33E40DC79713}.Release|iPhoneSimulator.ActiveCfg = Release|Any CPU
		{B7F02F96-3A31-4F6E-B53C-33E40DC79713}.Release|iPhoneSimulator.Build.0 = Release|Any CPU
		{B7F02F96-3A31-4F6E-B53C-33E40DC79713}.Release|iPhoneSimulator.Deploy.0 = Release|Any CPU
		{B7F02F96-3A31-4F6E-B53C-33E40DC79713}.Release|x64.ActiveCfg = Release|Any CPU
		{B7F02F96-3A31-4F6E-B53C-33E40DC79713}.Release|x64.Build.0 = Release|Any CPU
		{B7F02F96-3A31-4F6E-B53C-33E40DC79713}.Release|x64.Deploy.0 = Release|Any CPU
		{B7F02F96-3A31-4F6E-B53C-33E40DC79713}.Release|x86.ActiveCfg = Release|Any CPU
		{B7F02F96-3A31-4F6E-B53C-33E40DC79713}.Release|x86.Build.0 = Release|Any CPU
		{B7F02F96-3A31-4F6E-B53C-33E40DC79713}.Release|x86.Deploy.0 = Release|Any CPU
	EndGlobalSection
	GlobalSection(SolutionProperties) = preSolution
		HideSolutionNode = FALSE
	EndGlobalSection
	GlobalSection(ExtensibilityGlobals) = postSolution
		SolutionGuid = {6BF1E07E-E201-468B-9ED7-7CC4AF0828D9}
	EndGlobalSection
EndGlobal
